
Microsoft Visual Studio Solution File, Format Version 12.00
# Visual Studio 15
Project("{FAE04EC0-301F-11D3-BF4B-00C04F79EFBC}") = "Assembly-CSharp", "Assembly-CSharp.csproj", "{4A68AE69-E7A5-3199-71EF-EA3CE790000D}"
EndProject
Project("{FAE04EC0-301F-11D3-BF4B-00C04F79EFBC}") = "Unity.Postprocessing.Runtime", "Unity.Postprocessing.Runtime.csproj", "{93BC0996-46C1-9255-DDDC-F578CA0FF418}"
EndProject
Project("{FAE04EC0-301F-11D3-BF4B-00C04F79EFBC}") = "Unity.Postprocessing.Editor", "Unity.Postprocessing.Editor.csproj", "{E0C79A3C-AC66-143B-F751-4AD2D3F2CFF4}"
EndProject
Project("{FAE04EC0-301F-11D3-BF4B-00C04F79EFBC}") = "Assembly-CSharp-Editor", "Assembly-CSharp-Editor.csproj", "{6CB0B85E-97F1-C6AA-E512-1CA9B8024594}"
EndProject
Global
	GlobalSection(SolutionConfigurationPlatforms) = preSolution
		Debug|Any CPU = Debug|Any CPU
		Release|Any CPU = Release|Any CPU
	EndGlobalSection
	GlobalSection(ProjectConfigurationPlatforms) = postSolution
		{4A68AE69-E7A5-3199-71EF-EA3CE790000D}.Debug|Any CPU.ActiveCfg = Debug|Any CPU
		{4A68AE69-E7A5-3199-71EF-EA3CE790000D}.Debug|Any CPU.Build.0 = Debug|Any CPU
		{4A68AE69-E7A5-3199-71EF-EA3CE790000D}.Release|Any CPU.ActiveCfg = Release|Any CPU
		{4A68AE69-E7A5-3199-71EF-EA3CE790000D}.Release|Any CPU.Build.0 = Release|Any CPU
		{93BC0996-46C1-9255-DDDC-F578CA0FF418}.Debug|Any CPU.ActiveCfg = Debug|Any CPU
		{93BC0996-46C1-9255-DDDC-F578CA0FF418}.Debug|Any CPU.Build.0 = Debug|Any CPU
		{93BC0996-46C1-9255-DDDC-F578CA0FF418}.Release|Any CPU.ActiveCfg = Release|Any CPU
		{93BC0996-46C1-9255-DDDC-F578CA0FF418}.Release|Any CPU.Build.0 = Release|Any CPU
		{E0C79A3C-AC66-143B-F751-4AD2D3F2CFF4}.Debug|Any CPU.ActiveCfg = Debug|Any CPU
		{E0C79A3C-AC66-143B-F751-4AD2D3F2CFF4}.Debug|Any CPU.Build.0 = Debug|Any CPU
		{E0C79A3C-AC66-143B-F751-4AD2D3F2CFF4}.Release|Any CPU.ActiveCfg = Release|Any CPU
		{E0C79A3C-AC66-143B-F751-4AD2D3F2CFF4}.Release|Any CPU.Build.0 = Release|Any CPU
		{6CB0B85E-97F1-C6AA-E512-1CA9B8024594}.Debug|Any CPU.ActiveCfg = Debug|Any CPU
		{6CB0B85E-97F1-C6AA-E512-1CA9B8024594}.Debug|Any CPU.Build.0 = Debug|Any CPU
		{6CB0B85E-97F1-C6AA-E512-1CA9B8024594}.Release|Any CPU.ActiveCfg = Release|Any CPU
		{6CB0B85E-97F1-C6AA-E512-1CA9B8024594}.Release|Any CPU.Build.0 = Release|Any CPU
	EndGlobalSection
	GlobalSection(SolutionProperties) = preSolution
		HideSolutionNode = FALSE
	EndGlobalSection
EndGlobal
